// !$*UTF8*$!
{
	archiveVersion = 1;
	classes = {
	};
	objectVersion = 46;
	objects = {

/* Begin PBXBuildFile section */
		267D6F88196F266B00EADC07 /* AppDelegate.swift in Sources */ = {isa = PBXBuildFile; fileRef = 267D6F87196F266B00EADC07 /* AppDelegate.swift */; };
		267D6F8A196F266B00EADC07 /* ViewController.swift in Sources */ = {isa = PBXBuildFile; fileRef = 267D6F89196F266B00EADC07 /* ViewController.swift */; };
		267D6F8D196F266B00EADC07 /* Main.storyboard in Resources */ = {isa = PBXBuildFile; fileRef = 267D6F8B196F266B00EADC07 /* Main.storyboard */; };
		267D6F8F196F266B00EADC07 /* Images.xcassets in Resources */ = {isa = PBXBuildFile; fileRef = 267D6F8E196F266B00EADC07 /* Images.xcassets */; };
		267D6F9B196F266B00EADC07 /* LocationpickerSwiftTests.swift in Sources */ = {isa = PBXBuildFile; fileRef = 267D6F9A196F266B00EADC07 /* LocationpickerSwiftTests.swift */; };
/* End PBXBuildFile section */

/* Begin PBXContainerItemProxy section */
		267D6F95196F266B00EADC07 /* PBXContainerItemProxy */ = {
			isa = PBXContainerItemProxy;
			containerPortal = 267D6F7A196F266A00EADC07 /* Project object */;
			proxyType = 1;
			remoteGlobalIDString = 267D6F81196F266A00EADC07;
			remoteInfo = LocationpickerSwift;
		};
/* End PBXContainerItemProxy section */

/* Begin PBXFileReference section */
		267D6F82196F266B00EADC07 /* LocationpickerSwift.app */ = {isa = PBXFileReference; explicitFileType = wrapper.application; includeInIndex = 0; path = LocationpickerSwift.app; sourceTree = BUILT_PRODUCTS_DIR; };
		267D6F86196F266B00EADC07 /* Info.plist */ = {isa = PBXFileReference; lastKnownFileType = text.plist.xml; path = Info.plist; sourceTree = "<group>"; };
		267D6F87196F266B00EADC07 /* AppDelegate.swift */ = {isa = PBXFileReference; lastKnownFileType = sourcecode.swift; path = AppDelegate.swift; sourceTree = "<group>"; };
		267D6F89196F266B00EADC07 /* ViewController.swift */ = {isa = PBXFileReference; lastKnownFileType = sourcecode.swift; path = ViewController.swift; sourceTree = "<group>"; };
		267D6F8C196F266B00EADC07 /* Base */ = {isa = PBXFileReference; lastKnownFileType = file.storyboard; name = Base; path = Base.lproj/Main.storyboard; sourceTree = "<group>"; };
		267D6F8E196F266B00EADC07 /* Images.xcassets */ = {isa = PBXFileReference; lastKnownFileType = folder.assetcatalog; path = Images.xcassets; sourceTree = "<group>"; };
		267D6F94196F266B00EADC07 /* LocationpickerSwiftTests.xctest */ = {isa = PBXFileReference; explicitFileType = wrapper.cfbundle; includeInIndex = 0; path = LocationpickerSwiftTests.xctest; sourceTree = BUILT_PRODUCTS_DIR; };
		267D6F99196F266B00EADC07 /* Info.plist */ = {isa = PBXFileReference; lastKnownFileType = text.plist.xml; path = Info.plist; sourceTree = "<group>"; };
		267D6F9A196F266B00EADC07 /* LocationpickerSwiftTests.swift */ = {isa = PBXFileReference; lastKnownFileType = sourcecode.swift; path = LocationpickerSwiftTests.swift; sourceTree = "<group>"; };
/* End PBXFileReference section */

/* Begin PBXFrameworksBuildPhase section */
		267D6F7F196F266A00EADC07 /* Frameworks */ = {
			isa = PBXFrameworksBuildPhase;
			buildActionMask = 2147483647;
			files = (
			);
			runOnlyForDeploymentPostprocessing = 0;
		};
		267D6F91196F266B00EADC07 /* Frameworks */ = {
			isa = PBXFrameworksBuildPhase;
			buildActionMask = 2147483647;
			files = (
			);
			runOnlyForDeploymentPostprocessing = 0;
		};
/* End PBXFrameworksBuildPhase section */

/* Begin PBXGroup section */
		267D6F79196F266A00EADC07 = {
			isa = PBXGroup;
			children = (
				267D6F84196F266B00EADC07 /* LocationpickerSwift */,
				267D6F97196F266B00EADC07 /* LocationpickerSwiftTests */,
				267D6F83196F266B00EADC07 /* Products */,
			);
			sourceTree = "<group>";
		};
		267D6F83196F266B00EADC07 /* Products */ = {
			isa = PBXGroup;
			children = (
				267D6F82196F266B00EADC07 /* LocationpickerSwift.app */,
				267D6F94196F266B00EADC07 /* LocationpickerSwiftTests.xctest */,
			);
			name = Products;
			sourceTree = "<group>";
		};
		267D6F84196F266B00EADC07 /* LocationpickerSwift */ = {
			isa = PBXGroup;
			children = (
				267D6F87196F266B00EADC07 /* AppDelegate.swift */,
				267D6F89196F266B00EADC07 /* ViewController.swift */,
				267D6F8B196F266B00EADC07 /* Main.storyboard */,
				267D6F8E196F266B00EADC07 /* Images.xcassets */,
				267D6F85196F266B00EADC07 /* Supporting Files */,
			);
			path = LocationpickerSwift;
			sourceTree = "<group>";
		};
		267D6F85196F266B00EADC07 /* Supporting Files */ = {
			isa = PBXGroup;
			children = (
				267D6F86196F266B00EADC07 /* Info.plist */,
			);
			name = "Supporting Files";
			sourceTree = "<group>";
		};
		267D6F97196F266B00EADC07 /* LocationpickerSwiftTests */ = {
			isa = PBXGroup;
			children = (
				267D6F9A196F266B00EADC07 /* LocationpickerSwiftTests.swift */,
				267D6F98196F266B00EADC07 /* Supporting Files */,
			);
			path = LocationpickerSwiftTests;
			sourceTree = "<group>";
		};
		267D6F98196F266B00EADC07 /* Supporting Files */ = {
			isa = PBXGroup;
			children = (
				267D6F99196F266B00EADC07 /* Info.plist */,
			);
			name = "Supporting Files";
			sourceTree = "<group>";
		};
/* End PBXGroup section */

/* Begin PBXNativeTarget section */
		267D6F81196F266A00EADC07 /* LocationpickerSwift */ = {
			isa = PBXNativeTarget;
			buildConfigurationList = 267D6F9E196F266B00EADC07 /* Build configuration list for PBXNativeTarget "LocationpickerSwift" */;
			buildPhases = (
				267D6F7E196F266A00EADC07 /* Sources */,
				267D6F7F196F266A00EADC07 /* Frameworks */,
				267D6F80196F266A00EADC07 /* Resources */,
			);
			buildRules = (
			);
			dependencies = (
			);
			name = LocationpickerSwift;
			productName = LocationpickerSwift;
			productReference = 267D6F82196F266B00EADC07 /* LocationpickerSwift.app */;
			productType = "com.apple.product-type.application";
		};
		267D6F93196F266B00EADC07 /* LocationpickerSwiftTests */ = {
			isa = PBXNativeTarget;
			buildConfigurationList = 267D6FA1196F266B00EADC07 /* Build configuration list for PBXNativeTarget "LocationpickerSwiftTests" */;
			buildPhases = (
				267D6F90196F266B00EADC07 /* Sources */,
				267D6F91196F266B00EADC07 /* Frameworks */,
				267D6F92196F266B00EADC07 /* Resources */,
			);
			buildRules = (
			);
			dependencies = (
				267D6F96196F266B00EADC07 /* PBXTargetDependency */,
			);
			name = LocationpickerSwiftTests;
			productName = LocationpickerSwiftTests;
			productReference = 267D6F94196F266B00EADC07 /* LocationpickerSwiftTests.xctest */;
			productType = "com.apple.product-type.bundle.unit-test";
		};
/* End PBXNativeTarget section */

/* Begin PBXProject section */
		267D6F7A196F266A00EADC07 /* Project object */ = {
			isa = PBXProject;
			attributes = {
				LastUpgradeCheck = 0600;
				ORGANIZATIONNAME = com.rudolfmedia;
				TargetAttributes = {
					267D6F81196F266A00EADC07 = {
						CreatedOnToolsVersion = 6.0;
					};
					267D6F93196F266B00EADC07 = {
						CreatedOnToolsVersion = 6.0;
						TestTargetID = 267D6F81196F266A00EADC07;
					};
				};
			};
			buildConfigurationList = 267D6F7D196F266A00EADC07 /* Build configuration list for PBXProject "LocationpickerSwift" */;
			compatibilityVersion = "Xcode 3.2";
			developmentRegion = English;
			hasScannedForEncodings = 0;
			knownRegions = (
				en,
				Base,
			);
			mainGroup = 267D6F79196F266A00EADC07;
			productRefGroup = 267D6F83196F266B00EADC07 /* Products */;
			projectDirPath = "";
			projectRoot = "";
			targets = (
				267D6F81196F266A00EADC07 /* LocationpickerSwift */,
				267D6F93196F266B00EADC07 /* LocationpickerSwiftTests */,
			);
		};
/* End PBXProject section */

/* Begin PBXResourcesBuildPhase section */
		267D6F80196F266A00EADC07 /* Resources */ = {
			isa = PBXResourcesBuildPhase;
			buildActionMask = 2147483647;
			files = (
				267D6F8D196F266B00EADC07 /* Main.storyboard in Resources */,
				267D6F8F196F266B00EADC07 /* Images.xcassets in Resources */,
			);
			runOnlyForDeploymentPostprocessing = 0;
		};
		267D6F92196F266B00EADC07 /* Resources */ = {
			isa = PBXResourcesBuildPhase;
			buildActionMask = 2147483647;
			files = (
			);
			runOnlyForDeploymentPostprocessing = 0;
		};
/* End PBXResourcesBuildPhase section */

/* Begin PBXSourcesBuildPhase section */
		267D6F7E196F266A00EADC07 /* Sources */ = {
			isa = PBXSourcesBuildPhase;
			buildActionMask = 2147483647;
			files = (
				267D6F8A196F266B00EADC07 /* ViewController.swift in Sources */,
				267D6F88196F266B00EADC07 /* AppDelegate.swift in Sources */,
			);
			runOnlyForDeploymentPostprocessing = 0;
		};
		267D6F90196F266B00EADC07 /* Sources */ = {
			isa = PBXSourcesBuildPhase;
			buildActionMask = 2147483647;
			files = (
				267D6F9B196F266B00EADC07 /* LocationpickerSwiftTests.swift in Sources */,
			);
			runOnlyForDeploymentPostprocessing = 0;
		};
/* End PBXSourcesBuildPhase section */

/* Begin PBXTargetDependency section */
		267D6F96196F266B00EADC07 /* PBXTargetDependency */ = {
			isa = PBXTargetDependency;
			target = 267D6F81196F266A00EADC07 /* LocationpickerSwift */;
			targetProxy = 267D6F95196F266B00EADC07 /* PBXContainerItemProxy */;
		};
/* End PBXTargetDependency section */

/* Begin PBXVariantGroup section */
		267D6F8B196F266B00EADC07 /* Main.storyboard */ = {
			isa = PBXVariantGroup;
			children = (
				267D6F8C196F266B00EADC07 /* Base */,
			);
			name = Main.storyboard;
			sourceTree = "<group>";
		};
/* End PBXVariantGroup section */

/* Begin XCBuildConfiguration section */
		267D6F9C196F266B00EADC07 /* Debug */ = {
			isa = XCBuildConfiguration;
			buildSettings = {
				ALWAYS_SEARCH_USER_PATHS = NO;
				CLANG_CXX_LANGUAGE_STANDARD = "gnu++0x";
				CLANG_CXX_LIBRARY = "libc++";
				CLANG_ENABLE_MODULES = YES;
				CLANG_ENABLE_OBJC_ARC = YES;
				CLANG_WARN_BOOL_CONVERSION = YES;
				CLANG_WARN_CONSTANT_CONVERSION = YES;
				CLANG_WARN_DIRECT_OBJC_ISA_USAGE = YES_ERROR;
				CLANG_WARN_EMPTY_BODY = YES;
				CLANG_WARN_ENUM_CONVERSION = YES;
				CLANG_WARN_INT_CONVERSION = YES;
				CLANG_WARN_OBJC_ROOT_CLASS = YES_ERROR;
				CLANG_WARN_UNREACHABLE_CODE = YES;
				CLANG_WARN__DUPLICATE_METHOD_MATCH = YES;
				"CODE_SIGN_IDENTITY[sdk=iphoneos*]" = "iPhone Developer";
				COPY_PHASE_STRIP = NO;
				ENABLE_STRICT_OBJC_MSGSEND = YES;
				GCC_C_LANGUAGE_STANDARD = gnu99;
				GCC_DYNAMIC_NO_PIC = NO;
				GCC_OPTIMIZATION_LEVEL = 0;
				GCC_PREPROCESSOR_DEFINITIONS = (
					"DEBUG=1",
					"$(inherited)",
				);
				GCC_SYMBOLS_PRIVATE_EXTERN = NO;
				GCC_WARN_64_TO_32_BIT_CONVERSION = YES;
				GCC_WARN_ABOUT_RETURN_TYPE = YES_ERROR;
				GCC_WARN_UNDECLARED_SELECTOR = YES;
				GCC_WARN_UNINITIALIZED_AUTOS = YES_AGGRESSIVE;
				GCC_WARN_UNUSED_FUNCTION = YES;
				GCC_WARN_UNUSED_VARIABLE = YES;
				IPHONEOS_DEPLOYMENT_TARGET = 8.0;
				MTL_ENABLE_DEBUG_INFO = YES;
				ONLY_ACTIVE_ARCH = YES;
				SDKROOT = iphoneos;
				SWIFT_OPTIMIZATION_LEVEL = "-Onone";
			};
			name = Debug;
		};
		267D6F9D196F266B00EADC07 /* Release */ = {
			isa = XCBuildConfiguration;
			buildSettings = {
				ALWAYS_SEARCH_USER_PATHS = NO;
				CLANG_CXX_LANGUAGE_STANDARD = "gnu++0x";
				CLANG_CXX_LIBRARY = "libc++";
				CLANG_ENABLE_MODULES = YES;
				CLANG_ENABLE_OBJC_ARC = YES;
				CLANG_WARN_BOOL_CONVERSION = YES;
				CLANG_WARN_CONSTANT_CONVERSION = YES;
				CLANG_WARN_DIRECT_OBJC_ISA_USAGE = YES_ERROR;
				CLANG_WARN_EMPTY_BODY = YES;
				CLANG_WARN_ENUM_CONVERSION = YES;
				CLANG_WARN_INT_CONVERSION = YES;
				CLANG_WARN_OBJC_ROOT_CLASS = YES_ERROR;
				CLANG_WARN_UNREACHABLE_CODE = YES;
				CLANG_WARN__DUPLICATE_METHOD_MATCH = YES;
				"CODE_SIGN_IDENTITY[sdk=iphoneos*]" = "iPhone Developer";
				COPY_PHASE_STRIP = YES;
				ENABLE_NS_ASSERTIONS = NO;
				ENABLE_STRICT_OBJC_MSGSEND = YES;
				GCC_C_LANGUAGE_STANDARD = gnu99;
				GCC_WARN_64_TO_32_BIT_CONVERSION = YES;
				GCC_WARN_ABOUT_RETURN_TYPE = YES_ERROR;
				GCC_WARN_UNDECLARED_SELECTOR = YES;
				GCC_WARN_UNINITIALIZED_AUTOS = YES_AGGRESSIVE;
				GCC_WARN_UNUSED_FUNCTION = YES;
				GCC_WARN_UNUSED_VARIABLE = YES;
				IPHONEOS_DEPLOYMENT_TARGET = 8.0;
				MTL_ENABLE_DEBUG_INFO = NO;
				SDKROOT = iphoneos;
				VALIDATE_PRODUCT = YES;
			};
			name = Release;
		};
		267D6F9F196F266B00EADC07 /* Debug */ = {
			isa = XCBuildConfiguration;
			buildSettings = {
				ASSETCATALOG_COMPILER_APPICON_NAME = AppIcon;
				ASSETCATALOG_COMPILER_LAUNCHIMAGE_NAME = LaunchImage;
				INFOPLIST_FILE = LocationpickerSwift/Info.plist;
				LD_RUNPATH_SEARCH_PATHS = "$(inherited) @executable_path/Frameworks";
				PRODUCT_NAME = "$(TARGET_NAME)";
			};
			name = Debug;
		};
		267D6FA0196F266B00EADC07 /* Release */ = {
			isa = XCBuildConfiguration;
			buildSettings = {
				ASSETCATALOG_COMPILER_APPICON_NAME = AppIcon;
				ASSETCATALOG_COMPILER_LAUNCHIMAGE_NAME = LaunchImage;
				INFOPLIST_FILE = LocationpickerSwift/Info.plist;
				LD_RUNPATH_SEARCH_PATHS = "$(inherited) @executable_path/Frameworks";
				PRODUCT_NAME = "$(TARGET_NAME)";
			};
			name = Release;
		};
		267D6FA2196F266B00EADC07 /* Debug */ = {
			isa = XCBuildConfiguration;
			buildSettings = {
				BUNDLE_LOADER = "$(BUILT_PRODUCTS_DIR)/LocationpickerSwift.app/LocationpickerSwift";
				FRAMEWORK_SEARCH_PATHS = (
					"$(SDKROOT)/Developer/Library/Frameworks",
					"$(inherited)",
				);
				GCC_PREPROCESSOR_DEFINITIONS = (
					"DEBUG=1",
					"$(inherited)",
				);
				INFOPLIST_FILE = LocationpickerSwiftTests/Info.plist;
				LD_RUNPATH_SEARCH_PATHS = "$(inherited) @executable_path/Frameworks @loader_path/Frameworks";
				PRODUCT_NAME = "$(TARGET_NAME)";
				TEST_HOST = "$(BUNDLE_LOADER)";
			};
			name = Debug;
		};
		267D6FA3196F266B00EADC07 /* Release */ = {
			isa = XCBuildConfiguration;
			buildSettings = {
				BUNDLE_LOADER = "$(BUILT_PRODUCTS_DIR)/LocationpickerSwift.app/LocationpickerSwift";
				FRAMEWORK_SEARCH_PATHS = (
					"$(SDKROOT)/Developer/Library/Frameworks",
					"$(inherited)",
				);
				INFOPLIST_FILE = LocationpickerSwiftTests/Info.plist;
				LD_RUNPATH_SEARCH_PATHS = "$(inherited) @executable_path/Frameworks @loader_path/Frameworks";
				PRODUCT_NAME = "$(TARGET_NAME)";
				TEST_HOST = "$(BUNDLE_LOADER)";
			};
			name = Release;
		};
/* End XCBuildConfiguration section */

/* Begin XCConfigurationList section */
		267D6F7D196F266A00EADC07 /* Build configuration list for PBXProject "LocationpickerSwift" */ = {
			isa = XCConfigurationList;
			buildConfigurations = (
				267D6F9C196F266B00EADC07 /* Debug */,
				267D6F9D196F266B00EADC07 /* Release */,
			);
			defaultConfigurationIsVisible = 0;
			defaultConfigurationName = Release;
		};
		267D6F9E196F266B00EADC07 /* Build configuration list for PBXNativeTarget "LocationpickerSwift" */ = {
			isa = XCConfigurationList;
			buildConfigurations = (
				267D6F9F196F266B00EADC07 /* Debug */,
				267D6FA0196F266B00EADC07 /* Release */,
			);
			defaultConfigurationIsVisible = 0;
		};
		267D6FA1196F266B00EADC07 /* Build configuration list for PBXNativeTarget "LocationpickerSwiftTests" */ = {
			isa = XCConfigurationList;
			buildConfigurations = (
				267D6FA2196F266B00EADC07 /* Debug */,
				267D6FA3196F266B00EADC07 /* Release */,
			);
			defaultConfigurationIsVisible = 0;
		};
/* End XCConfigurationList section */
	};
	rootObject = 267D6F7A196F266A00EADC07 /* Project object */;
}
